{
  "pins" : [
    {
      "identity" : "bigsynckit",
      "kind" : "remoteSourceControl",
      "location" : "https://github.com/lake-of-fire/BigSyncKit.git",
      "state" : {
        "branch" : "main",
        "revision" : "77cfdd38c24e92d92c960985827cbeb225f5f6f6"
      }
    },
    {
      "identity" : "brotli",
      "kind" : "remoteSourceControl",
      "location" : "https://github.com/NghiaTranUIT/Brotli.git",
      "state" : {
        "branch" : "master",
        "revision" : "57aae2129a6d5e56a6476b1a3891ed7049bc0a9a"
      }
    },
    {
      "identity" : "filepicker",
      "kind" : "remoteSourceControl",
      "location" : "https://github.com/lake-of-fire/FilePicker.git",
      "state" : {
        "branch" : "main",
        "revision" : "4e445870eb07ae9c1e1aeedbb9b1098eaaabfb69"
      }
    },
    {
      "identity" : "fileprovider",
      "kind" : "remoteSourceControl",
      "location" : "https://github.com/thebaselab/FileProvider.git",
      "state" : {
        "branch" : "master",
        "revision" : "abf68a62541a4193c8d106367ddb3648e8ab693f"
      }
    },
    {
      "identity" : "libgit2-on-ios-thebaselab",
      "kind" : "remoteSourceControl",
      "location" : "https://github.com/lake-of-fire/LibGit2-On-iOS-thebaselab.git",
      "state" : {
        "branch" : "master",
        "revision" : "d07edab04055f167b918853f2047075f18375286"
      }
    },
    {
      "identity" : "openssl",
      "kind" : "remoteSourceControl",
      "location" : "https://github.com/krzyzanowskim/OpenSSL.git",
      "state" : {
        "revision" : "5ae21d0c6dd75356df6a1b68d7ab2153f3b8181f",
        "version" : "3.1.3001"
      }
    },
    {
      "identity" : "opml",
      "kind" : "remoteSourceControl",
      "location" : "https://github.com/lake-of-fire/opml",
      "state" : {
        "branch" : "master",
        "revision" : "188f860c805d66d0d4d4596c4f80869c9da88c5f"
      }
    },
    {
      "identity" : "realmbinary",
      "kind" : "remoteSourceControl",
      "location" : "https://github.com/lake-of-fire/RealmBinary.git",
      "state" : {
        "branch" : "main",
        "revision" : "900539531dd45892e390d29c57eeec8ba224106b"
      }
    },
    {
      "identity" : "realmswiftgaps",
      "kind" : "remoteSourceControl",
      "location" : "https://github.com/lake-of-fire/RealmSwiftGaps.git",
      "state" : {
        "branch" : "main",
        "revision" : "1d903fe0b6c82560a7773ef3930c6be44661fd70"
      }
    },
    {
      "identity" : "swift-html",
      "kind" : "remoteSourceControl",
      "location" : "https://github.com/lake-of-fire/swift-html.git",
      "state" : {
        "branch" : "main",
        "revision" : "0cec2f63067ac8c52e20810314ff5f1d77f0d036"
      }
    },
    {
      "identity" : "swiftgit2",
      "kind" : "remoteSourceControl",
      "location" : "https://github.com/lake-of-fire/SwiftGit2.git",
      "state" : {
        "branch" : "main",
        "revision" : "f2af24ebd19f3afc59f0048d425f989c51974f61"
      }
    },
    {
      "identity" : "swiftui-webview",
      "kind" : "remoteSourceControl",
      "location" : "https://github.com/lake-of-fire/swiftui-webview.git",
      "state" : {
        "branch" : "main",
        "revision" : "4609627c13b4e31fc8716a3c6ccee53efc63751a"
      }
    },
    {
      "identity" : "swiftuidownloads",
      "kind" : "remoteSourceControl",
      "location" : "https://github.com/lake-of-fire/SwiftUIDownloads.git",
      "state" : {
        "branch" : "main",
        "revision" : "168b79f96a84c8927b60ccd2446c2b51609083fe"
      }
    },
    {
      "identity" : "swiftutilities",
      "kind" : "remoteSourceControl",
      "location" : "https://github.com/lake-of-fire/SwiftUtilities.git",
      "state" : {
        "branch" : "main",
        "revision" : "39ed80ab2e4f9701f18082278353c6305fb6304b"
      }
    },
    {
      "identity" : "zipfoundation",
      "kind" : "remoteSourceControl",
      "location" : "https://github.com/weichsel/ZIPFoundation.git",
      "state" : {
        "branch" : "development",
        "revision" : "7a685d227334f2bc3bb20c6bcb5947f37806d9f5"
      }
    }
  ],
  "version" : 2
}
